
Microsoft Visual Studio Solution File, Format Version 12.00
# Visual Studio Version 17
VisualStudioVersion = 17.8.34330.188
MinimumVisualStudioVersion = 10.0.40219.1
Project("{FAE04EC0-301F-11D3-BF4B-00C04F79EFBC}") = "NoAchievements", "NoAchievements.csproj", "{F09890F4-87FB-467B-AA32-8F8D8E640164}"
EndProject
Global
	GlobalSection(SolutionConfigurationPlatforms) = preSolution
		Debug|Any CPU = Debug|Any CPU
		Release|Any CPU = Release|Any CPU
	EndGlobalSection
	GlobalSection(ProjectConfigurationPlatforms) = postSolution
		{F09890F4-87FB-467B-AA32-8F8D8E640164}.Debug|Any CPU.ActiveCfg = Debug|Any CPU
		{F09890F4-87FB-467B-AA32-8F8D8E640164}.Debug|Any CPU.Build.0 = Debug|Any CPU
		{F09890F4-87FB-467B-AA32-8F8D8E640164}.Release|Any CPU.ActiveCfg = Release|Any CPU
		{F09890F4-87FB-467B-AA32-8F8D8E640164}.Release|Any CPU.Build.0 = Release|Any CPU
	EndGlobalSection
	GlobalSection(SolutionProperties) = preSolution
		HideSolutionNode = FALSE
	EndGlobalSection
	GlobalSection(ExtensibilityGlobals) = postSolution
		SolutionGuid = {0402B8DC-5C45-4A30-93DF-DBE2E7835BDC}
	EndGlobalSection
EndGlobal
